Microsoft Visual Studio Solution File, Format Version 12.00
# Visual Studio Version 17
VisualStudioVersion = 17.5.2.0
MinimumVisualStudioVersion = 10.0.40219.1
Project("{FAE04EC0-301F-11D3-BF4B-00C04F79EFBC}") = "REPOLobbyFilter", "REPOLobbyFilter.csproj", "{E97BC97C-C6AC-64E2-D15E-1A4B2D951A9C}"
EndProject
Global
	GlobalSection(SolutionConfigurationPlatforms) = preSolution
		Debug|Any CPU = Debug|Any CPU
		Release|Any CPU = Release|Any CPU
	EndGlobalSection
	GlobalSection(ProjectConfigurationPlatforms) = postSolution
		{E97BC97C-C6AC-64E2-D15E-1A4B2D951A9C}.Debug|Any CPU.ActiveCfg = Debug|Any CPU
		{E97BC97C-C6AC-64E2-D15E-1A4B2D951A9C}.Debug|Any CPU.Build.0 = Debug|Any CPU
		{E97BC97C-C6AC-64E2-D15E-1A4B2D951A9C}.Release|Any CPU.ActiveCfg = Release|Any CPU
		{E97BC97C-C6AC-64E2-D15E-1A4B2D951A9C}.Release|Any CPU.Build.0 = Release|Any CPU
	EndGlobalSection
	GlobalSection(SolutionProperties) = preSolution
		HideSolutionNode = FALSE
	EndGlobalSection
	GlobalSection(ExtensibilityGlobals) = postSolution
		SolutionGuid = {71A6AE7F-8007-4D3C-B448-EAFEDF7296AB}
	EndGlobalSection
EndGlobal
